
Microsoft Visual Studio Solution File, Format Version 12.00
# Visual Studio Version 16
VisualStudioVersion = 16.0.32407.337
MinimumVisualStudioVersion = 10.0.40219.1
Project("{FAE04EC0-301F-11D3-BF4B-00C04F79EFBC}") = "IntegracaoTemplate", "IntegracaoTemplate\IntegracaoTemplate.csproj", "{F85E1757-BEC3-4B94-B619-7E68E8B3810C}"
EndProject
Global
	GlobalSection(SolutionConfigurationPlatforms) = preSolution
		Debug|Any CPU = Debug|Any CPU
		Release|Any CPU = Release|Any CPU
	EndGlobalSection
	GlobalSection(ProjectConfigurationPlatforms) = postSolution
		{F85E1757-BEC3-4B94-B619-7E68E8B3810C}.Debug|Any CPU.ActiveCfg = Debug|Any CPU
		{F85E1757-BEC3-4B94-B619-7E68E8B3810C}.Debug|Any CPU.Build.0 = Debug|Any CPU
		{F85E1757-BEC3-4B94-B619-7E68E8B3810C}.Release|Any CPU.ActiveCfg = Release|Any CPU
		{F85E1757-BEC3-4B94-B619-7E68E8B3810C}.Release|Any CPU.Build.0 = Release|Any CPU
	EndGlobalSection
	GlobalSection(SolutionProperties) = preSolution
		HideSolutionNode = FALSE
	EndGlobalSection
	GlobalSection(ExtensibilityGlobals) = postSolution
		SolutionGuid = {46857A32-7802-438B-85A9-3EAE9D9C7C7D}
	EndGlobalSection
EndGlobal
